// !$*UTF8*$!
{
	archiveVersion = 1;
	classes = {
	};
	objectVersion = 46;
	objects = {

/* Begin PBXBuildFile section */
		069E12AE1CCA09C4009DD3FA /* CalculatorDataStructure.swift in Sources */ = {isa = PBXBuildFile; fileRef = 069E12AD1CCA09C4009DD3FA /* CalculatorDataStructure.swift */; };
		069E12B11CCA10D2009DD3FA /* Lexer.swift in Sources */ = {isa = PBXBuildFile; fileRef = 069E12B01CCA10D2009DD3FA /* Lexer.swift */; };
		069E12B31CCA436B009DD3FA /* Parser.swift in Sources */ = {isa = PBXBuildFile; fileRef = 069E12B21CCA436B009DD3FA /* Parser.swift */; };
		06A5CFA01CC521F90022F3A2 /* AppDelegate.swift in Sources */ = {isa = PBXBuildFile; fileRef = 06A5CF9F1CC521F90022F3A2 /* AppDelegate.swift */; };
		06A5CFA51CC521F90022F3A2 /* Main.storyboard in Resources */ = {isa = PBXBuildFile; fileRef = 06A5CFA31CC521F90022F3A2 /* Main.storyboard */; };
		06A5CFA71CC521F90022F3A2 /* Assets.xcassets in Resources */ = {isa = PBXBuildFile; fileRef = 06A5CFA61CC521F90022F3A2 /* Assets.xcassets */; };
		06A5CFAA1CC521F90022F3A2 /* LaunchScreen.storyboard in Resources */ = {isa = PBXBuildFile; fileRef = 06A5CFA81CC521F90022F3A2 /* LaunchScreen.storyboard */; };
		06A5CFB31CC522680022F3A2 /* CalculatorViewController.swift in Sources */ = {isa = PBXBuildFile; fileRef = 06A5CFB21CC522680022F3A2 /* CalculatorViewController.swift */; };
		06A5CFB51CC891470022F3A2 /* CalculatorBrain.swift in Sources */ = {isa = PBXBuildFile; fileRef = 06A5CFB41CC891470022F3A2 /* CalculatorBrain.swift */; };
/* End PBXBuildFile section */

/* Begin PBXFileReference section */
		069E12AD1CCA09C4009DD3FA /* CalculatorDataStructure.swift */ = {isa = PBXFileReference; fileEncoding = 4; lastKnownFileType = sourcecode.swift; path = CalculatorDataStructure.swift; sourceTree = "<group>"; };
		069E12B01CCA10D2009DD3FA /* Lexer.swift */ = {isa = PBXFileReference; fileEncoding = 4; lastKnownFileType = sourcecode.swift; path = Lexer.swift; sourceTree = "<group>"; };
		069E12B21CCA436B009DD3FA /* Parser.swift */ = {isa = PBXFileReference; fileEncoding = 4; lastKnownFileType = sourcecode.swift; path = Parser.swift; sourceTree = "<group>"; };
		06A5CF9C1CC521F90022F3A2 /* Calculator.app */ = {isa = PBXFileReference; explicitFileType = wrapper.application; includeInIndex = 0; path = Calculator.app; sourceTree = BUILT_PRODUCTS_DIR; };
		06A5CF9F1CC521F90022F3A2 /* AppDelegate.swift */ = {isa = PBXFileReference; lastKnownFileType = sourcecode.swift; path = AppDelegate.swift; sourceTree = "<group>"; };
		06A5CFA41CC521F90022F3A2 /* Base */ = {isa = PBXFileReference; lastKnownFileType = file.storyboard; name = Base; path = Base.lproj/Main.storyboard; sourceTree = "<group>"; };
		06A5CFA61CC521F90022F3A2 /* Assets.xcassets */ = {isa = PBXFileReference; lastKnownFileType = folder.assetcatalog; path = Assets.xcassets; sourceTree = "<group>"; };
		06A5CFA91CC521F90022F3A2 /* Base */ = {isa = PBXFileReference; lastKnownFileType = file.storyboard; name = Base; path = Base.lproj/LaunchScreen.storyboard; sourceTree = "<group>"; };
		06A5CFAB1CC521F90022F3A2 /* Info.plist */ = {isa = PBXFileReference; lastKnownFileType = text.plist.xml; path = Info.plist; sourceTree = "<group>"; };
		06A5CFB21CC522680022F3A2 /* CalculatorViewController.swift */ = {isa = PBXFileReference; fileEncoding = 4; lastKnownFileType = sourcecode.swift; path = CalculatorViewController.swift; sourceTree = "<group>"; };
		06A5CFB41CC891470022F3A2 /* CalculatorBrain.swift */ = {isa = PBXFileReference; fileEncoding = 4; lastKnownFileType = sourcecode.swift; path = CalculatorBrain.swift; sourceTree = "<group>"; };
/* End PBXFileReference section */

/* Begin PBXFrameworksBuildPhase section */
		06A5CF991CC521F90022F3A2 /* Frameworks */ = {
			isa = PBXFrameworksBuildPhase;
			buildActionMask = 2147483647;
			files = (
			);
			runOnlyForDeploymentPostprocessing = 0;
		};
/* End PBXFrameworksBuildPhase section */

/* Begin PBXGroup section */
		069E12AF1CCA09F0009DD3FA /* Interpreter */ = {
			isa = PBXGroup;
			children = (
				069E12AD1CCA09C4009DD3FA /* CalculatorDataStructure.swift */,
				069E12B01CCA10D2009DD3FA /* Lexer.swift */,
				069E12B21CCA436B009DD3FA /* Parser.swift */,
			);
			name = Interpreter;
			sourceTree = "<group>";
		};
		06A5CF931CC521F90022F3A2 = {
			isa = PBXGroup;
			children = (
				06A5CF9E1CC521F90022F3A2 /* Calculator */,
				06A5CF9D1CC521F90022F3A2 /* Products */,
			);
			sourceTree = "<group>";
		};
		06A5CF9D1CC521F90022F3A2 /* Products */ = {
			isa = PBXGroup;
			children = (
				06A5CF9C1CC521F90022F3A2 /* Calculator.app */,
			);
			name = Products;
			sourceTree = "<group>";
		};
		06A5CF9E1CC521F90022F3A2 /* Calculator */ = {
			isa = PBXGroup;
			children = (
				06A5CFA31CC521F90022F3A2 /* Main.storyboard */,
				06A5CFB21CC522680022F3A2 /* CalculatorViewController.swift */,
				06A5CFB41CC891470022F3A2 /* CalculatorBrain.swift */,
				069E12AF1CCA09F0009DD3FA /* Interpreter */,
				06A5CFB11CC522110022F3A2 /* Support */,
			);
			path = Calculator;
			sourceTree = "<group>";
		};
		06A5CFB11CC522110022F3A2 /* Support */ = {
			isa = PBXGroup;
			children = (
				06A5CF9F1CC521F90022F3A2 /* AppDelegate.swift */,
				06A5CFA61CC521F90022F3A2 /* Assets.xcassets */,
				06A5CFA81CC521F90022F3A2 /* LaunchScreen.storyboard */,
				06A5CFAB1CC521F90022F3A2 /* Info.plist */,
			);
			name = Support;
			sourceTree = "<group>";
		};
/* End PBXGroup section */

/* Begin PBXNativeTarget section */
		06A5CF9B1CC521F90022F3A2 /* Calculator */ = {
			isa = PBXNativeTarget;
			buildConfigurationList = 06A5CFAE1CC521F90022F3A2 /* Build configuration list for PBXNativeTarget "Calculator" */;
			buildPhases = (
				06A5CF981CC521F90022F3A2 /* Sources */,
				06A5CF991CC521F90022F3A2 /* Frameworks */,
				06A5CF9A1CC521F90022F3A2 /* Resources */,
			);
			buildRules = (
			);
			dependencies = (
			);
			name = Calculator;
			productName = Calculator;
			productReference = 06A5CF9C1CC521F90022F3A2 /* Calculator.app */;
			productType = "com.apple.product-type.application";
		};
/* End PBXNativeTarget section */

/* Begin PBXProject section */
		06A5CF941CC521F90022F3A2 /* Project object */ = {
			isa = PBXProject;
			attributes = {
				LastSwiftUpdateCheck = 0730;
				LastUpgradeCheck = 0730;
				ORGANIZATIONNAME = Tisoga;
				TargetAttributes = {
					06A5CF9B1CC521F90022F3A2 = {
						CreatedOnToolsVersion = 7.3;
						DevelopmentTeam = 5W8QAC8Z64;
					};
				};
			};
			buildConfigurationList = 06A5CF971CC521F90022F3A2 /* Build configuration list for PBXProject "Calculator" */;
			compatibilityVersion = "Xcode 3.2";
			developmentRegion = English;
			hasScannedForEncodings = 0;
			knownRegions = (
				en,
				Base,
			);
			mainGroup = 06A5CF931CC521F90022F3A2;
			productRefGroup = 06A5CF9D1CC521F90022F3A2 /* Products */;
			projectDirPath = "";
			projectRoot = "";
			targets = (
				06A5CF9B1CC521F90022F3A2 /* Calculator */,
			);
		};
/* End PBXProject section */

/* Begin PBXResourcesBuildPhase section */
		06A5CF9A1CC521F90022F3A2 /* Resources */ = {
			isa = PBXResourcesBuildPhase;
			buildActionMask = 2147483647;
			files = (
				06A5CFAA1CC521F90022F3A2 /* LaunchScreen.storyboard in Resources */,
				06A5CFA71CC521F90022F3A2 /* Assets.xcassets in Resources */,
				06A5CFA51CC521F90022F3A2 /* Main.storyboard in Resources */,
			);
			runOnlyForDeploymentPostprocessing = 0;
		};
/* End PBXResourcesBuildPhase section */

/* Begin PBXSourcesBuildPhase section */
		06A5CF981CC521F90022F3A2 /* Sources */ = {
			isa = PBXSourcesBuildPhase;
			buildActionMask = 2147483647;
			files = (
				06A5CFB51CC891470022F3A2 /* CalculatorBrain.swift in Sources */,
				069E12AE1CCA09C4009DD3FA /* CalculatorDataStructure.swift in Sources */,
				06A5CFB31CC522680022F3A2 /* CalculatorViewController.swift in Sources */,
				069E12B11CCA10D2009DD3FA /* Lexer.swift in Sources */,
				06A5CFA01CC521F90022F3A2 /* AppDelegate.swift in Sources */,
				069E12B31CCA436B009DD3FA /* Parser.swift in Sources */,
			);
			runOnlyForDeploymentPostprocessing = 0;
		};
/* End PBXSourcesBuildPhase section */

/* Begin PBXVariantGroup section */
		06A5CFA31CC521F90022F3A2 /* Main.storyboard */ = {
			isa = PBXVariantGroup;
			children = (
				06A5CFA41CC521F90022F3A2 /* Base */,
			);
			name = Main.storyboard;
			sourceTree = "<group>";
		};
		06A5CFA81CC521F90022F3A2 /* LaunchScreen.storyboard */ = {
			isa = PBXVariantGroup;
			children = (
				06A5CFA91CC521F90022F3A2 /* Base */,
			);
			name = LaunchScreen.storyboard;
			sourceTree = "<group>";
		};
/* End PBXVariantGroup section */

/* Begin XCBuildConfiguration section */
		06A5CFAC1CC521F90022F3A2 /* Debug */ = {
			isa = XCBuildConfiguration;
			buildSettings = {
				ALWAYS_SEARCH_USER_PATHS = NO;
				CLANG_ANALYZER_NONNULL = YES;
				CLANG_CXX_LANGUAGE_STANDARD = "gnu++0x";
				CLANG_CXX_LIBRARY = "libc++";
				CLANG_ENABLE_MODULES = YES;
				CLANG_ENABLE_OBJC_ARC = YES;
				CLANG_WARN_BOOL_CONVERSION = YES;
				CLANG_WARN_CONSTANT_CONVERSION = YES;
				CLANG_WARN_DIRECT_OBJC_ISA_USAGE = YES_ERROR;
				CLANG_WARN_EMPTY_BODY = YES;
				CLANG_WARN_ENUM_CONVERSION = YES;
				CLANG_WARN_INT_CONVERSION = YES;
				CLANG_WARN_OBJC_ROOT_CLASS = YES_ERROR;
				CLANG_WARN_UNREACHABLE_CODE = YES;
				CLANG_WARN__DUPLICATE_METHOD_MATCH = YES;
				"CODE_SIGN_IDENTITY[sdk=iphoneos*]" = "iPhone Developer";
				COPY_PHASE_STRIP = NO;
				DEBUG_INFORMATION_FORMAT = dwarf;
				ENABLE_STRICT_OBJC_MSGSEND = YES;
				ENABLE_TESTABILITY = YES;
				GCC_C_LANGUAGE_STANDARD = gnu99;
				GCC_DYNAMIC_NO_PIC = NO;
				GCC_NO_COMMON_BLOCKS = YES;
				GCC_OPTIMIZATION_LEVEL = 0;
				GCC_PREPROCESSOR_DEFINITIONS = (
					"DEBUG=1",
					"$(inherited)",
				);
				GCC_WARN_64_TO_32_BIT_CONVERSION = YES;
				GCC_WARN_ABOUT_RETURN_TYPE = YES_ERROR;
				GCC_WARN_UNDECLARED_SELECTOR = YES;
				GCC_WARN_UNINITIALIZED_AUTOS = YES_AGGRESSIVE;
				GCC_WARN_UNUSED_FUNCTION = YES;
				GCC_WARN_UNUSED_VARIABLE = YES;
				IPHONEOS_DEPLOYMENT_TARGET = 9.3;
				MTL_ENABLE_DEBUG_INFO = YES;
				ONLY_ACTIVE_ARCH = YES;
				SDKROOT = iphoneos;
				SWIFT_OPTIMIZATION_LEVEL = "-Onone";
				TARGETED_DEVICE_FAMILY = "1,2";
			};
			name = Debug;
		};
		06A5CFAD1CC521F90022F3A2 /* Release */ = {
			isa = XCBuildConfiguration;
			buildSettings = {
				ALWAYS_SEARCH_USER_PATHS = NO;
				CLANG_ANALYZER_NONNULL = YES;
				CLANG_CXX_LANGUAGE_STANDARD = "gnu++0x";
				CLANG_CXX_LIBRARY = "libc++";
				CLANG_ENABLE_MODULES = YES;
				CLANG_ENABLE_OBJC_ARC = YES;
				CLANG_WARN_BOOL_CONVERSION = YES;
				CLANG_WARN_CONSTANT_CONVERSION = YES;
				CLANG_WARN_DIRECT_OBJC_ISA_USAGE = YES_ERROR;
				CLANG_WARN_EMPTY_BODY = YES;
				CLANG_WARN_ENUM_CONVERSION = YES;
				CLANG_WARN_INT_CONVERSION = YES;
				CLANG_WARN_OBJC_ROOT_CLASS = YES_ERROR;
				CLANG_WARN_UNREACHABLE_CODE = YES;
				CLANG_WARN__DUPLICATE_METHOD_MATCH = YES;
				"CODE_SIGN_IDENTITY[sdk=iphoneos*]" = "iPhone Developer";
				COPY_PHASE_STRIP = NO;
				DEBUG_INFORMATION_FORMAT = "dwarf-with-dsym";
				ENABLE_NS_ASSERTIONS = NO;
				ENABLE_STRICT_OBJC_MSGSEND = YES;
				GCC_C_LANGUAGE_STANDARD = gnu99;
				GCC_NO_COMMON_BLOCKS = YES;
				GCC_WARN_64_TO_32_BIT_CONVERSION = YES;
				GCC_WARN_ABOUT_RETURN_TYPE = YES_ERROR;
				GCC_WARN_UNDECLARED_SELECTOR = YES;
				GCC_WARN_UNINITIALIZED_AUTOS = YES_AGGRESSIVE;
				GCC_WARN_UNUSED_FUNCTION = YES;
				GCC_WARN_UNUSED_VARIABLE = YES;
				IPHONEOS_DEPLOYMENT_TARGET = 9.3;
				MTL_ENABLE_DEBUG_INFO = NO;
				SDKROOT = iphoneos;
				TARGETED_DEVICE_FAMILY = "1,2";
				VALIDATE_PRODUCT = YES;
			};
			name = Release;
		};
		06A5CFAF1CC521F90022F3A2 /* Debug */ = {
			isa = XCBuildConfiguration;
			buildSettings = {
				ASSETCATALOG_COMPILER_APPICON_NAME = AppIcon;
				INFOPLIST_FILE = Calculator/Info.plist;
				LD_RUNPATH_SEARCH_PATHS = "$(inherited) @executable_path/Frameworks";
				PRODUCT_BUNDLE_IDENTIFIER = com.forrestchang.Calculator;
				PRODUCT_NAME = "$(TARGET_NAME)";
			};
			name = Debug;
		};
		06A5CFB01CC521F90022F3A2 /* Release */ = {
			isa = XCBuildConfiguration;
			buildSettings = {
				ASSETCATALOG_COMPILER_APPICON_NAME = AppIcon;
				INFOPLIST_FILE = Calculator/Info.plist;
				LD_RUNPATH_SEARCH_PATHS = "$(inherited) @executable_path/Frameworks";
				PRODUCT_BUNDLE_IDENTIFIER = com.forrestchang.Calculator;
				PRODUCT_NAME = "$(TARGET_NAME)";
			};
			name = Release;
		};
/* End XCBuildConfiguration section */

/* Begin XCConfigurationList section */
		06A5CF971CC521F90022F3A2 /* Build configuration list for PBXProject "Calculator" */ = {
			isa = XCConfigurationList;
			buildConfigurations = (
				06A5CFAC1CC521F90022F3A2 /* Debug */,
				06A5CFAD1CC521F90022F3A2 /* Release */,
			);
			defaultConfigurationIsVisible = 0;
			defaultConfigurationName = Release;
		};
		06A5CFAE1CC521F90022F3A2 /* Build configuration list for PBXNativeTarget "Calculator" */ = {
			isa = XCConfigurationList;
			buildConfigurations = (
				06A5CFAF1CC521F90022F3A2 /* Debug */,
				06A5CFB01CC521F90022F3A2 /* Release */,
			);
			defaultConfigurationIsVisible = 0;
			defaultConfigurationName = Release;
		};
/* End XCConfigurationList section */
	};
	rootObject = 06A5CF941CC521F90022F3A2 /* Project object */;
}
