// !$*UTF8*$!
{
	archiveVersion = 1;
	classes = {
	};
	objectVersion = 46;
	objects = {

/* Begin PBXBuildFile section */
		06CE63F31CD97BE900124BC2 /* AppDelegate.swift in Sources */ = {isa = PBXBuildFile; fileRef = 06CE63F21CD97BE900124BC2 /* AppDelegate.swift */; };
		06CE63F81CD97BE900124BC2 /* Main.storyboard in Resources */ = {isa = PBXBuildFile; fileRef = 06CE63F61CD97BE900124BC2 /* Main.storyboard */; };
		06CE63FA1CD97BE900124BC2 /* Assets.xcassets in Resources */ = {isa = PBXBuildFile; fileRef = 06CE63F91CD97BE900124BC2 /* Assets.xcassets */; };
		06CE63FD1CD97BE900124BC2 /* LaunchScreen.storyboard in Resources */ = {isa = PBXBuildFile; fileRef = 06CE63FB1CD97BE900124BC2 /* LaunchScreen.storyboard */; };
		06CE64051CD997CE00124BC2 /* HappinessViewController.swift in Sources */ = {isa = PBXBuildFile; fileRef = 06CE64041CD997CE00124BC2 /* HappinessViewController.swift */; };
		06CE64071CD9984900124BC2 /* FaceView.swift in Sources */ = {isa = PBXBuildFile; fileRef = 06CE64061CD9984900124BC2 /* FaceView.swift */; };
/* End PBXBuildFile section */

/* Begin PBXFileReference section */
		06CE63EF1CD97BE900124BC2 /* Happiness.app */ = {isa = PBXFileReference; explicitFileType = wrapper.application; includeInIndex = 0; path = Happiness.app; sourceTree = BUILT_PRODUCTS_DIR; };
		06CE63F21CD97BE900124BC2 /* AppDelegate.swift */ = {isa = PBXFileReference; lastKnownFileType = sourcecode.swift; path = AppDelegate.swift; sourceTree = "<group>"; };
		06CE63F71CD97BE900124BC2 /* Base */ = {isa = PBXFileReference; lastKnownFileType = file.storyboard; name = Base; path = Base.lproj/Main.storyboard; sourceTree = "<group>"; };
		06CE63F91CD97BE900124BC2 /* Assets.xcassets */ = {isa = PBXFileReference; lastKnownFileType = folder.assetcatalog; path = Assets.xcassets; sourceTree = "<group>"; };
		06CE63FC1CD97BE900124BC2 /* Base */ = {isa = PBXFileReference; lastKnownFileType = file.storyboard; name = Base; path = Base.lproj/LaunchScreen.storyboard; sourceTree = "<group>"; };
		06CE63FE1CD97BE900124BC2 /* Info.plist */ = {isa = PBXFileReference; lastKnownFileType = text.plist.xml; path = Info.plist; sourceTree = "<group>"; };
		06CE64041CD997CE00124BC2 /* HappinessViewController.swift */ = {isa = PBXFileReference; fileEncoding = 4; lastKnownFileType = sourcecode.swift; path = HappinessViewController.swift; sourceTree = "<group>"; };
		06CE64061CD9984900124BC2 /* FaceView.swift */ = {isa = PBXFileReference; fileEncoding = 4; lastKnownFileType = sourcecode.swift; path = FaceView.swift; sourceTree = "<group>"; };
/* End PBXFileReference section */

/* Begin PBXFrameworksBuildPhase section */
		06CE63EC1CD97BE900124BC2 /* Frameworks */ = {
			isa = PBXFrameworksBuildPhase;
			buildActionMask = 2147483647;
			files = (
			);
			runOnlyForDeploymentPostprocessing = 0;
		};
/* End PBXFrameworksBuildPhase section */

/* Begin PBXGroup section */
		06CE63E61CD97BE900124BC2 = {
			isa = PBXGroup;
			children = (
				06CE63F11CD97BE900124BC2 /* Happiness */,
				06CE63F01CD97BE900124BC2 /* Products */,
			);
			sourceTree = "<group>";
		};
		06CE63F01CD97BE900124BC2 /* Products */ = {
			isa = PBXGroup;
			children = (
				06CE63EF1CD97BE900124BC2 /* Happiness.app */,
			);
			name = Products;
			sourceTree = "<group>";
		};
		06CE63F11CD97BE900124BC2 /* Happiness */ = {
			isa = PBXGroup;
			children = (
				06CE63F61CD97BE900124BC2 /* Main.storyboard */,
				06CE64061CD9984900124BC2 /* FaceView.swift */,
				06CE64041CD997CE00124BC2 /* HappinessViewController.swift */,
				06CE63F91CD97BE900124BC2 /* Assets.xcassets */,
				06CE63F21CD97BE900124BC2 /* AppDelegate.swift */,
				06CE63FB1CD97BE900124BC2 /* LaunchScreen.storyboard */,
				06CE63FE1CD97BE900124BC2 /* Info.plist */,
			);
			path = Happiness;
			sourceTree = "<group>";
		};
/* End PBXGroup section */

/* Begin PBXNativeTarget section */
		06CE63EE1CD97BE900124BC2 /* Happiness */ = {
			isa = PBXNativeTarget;
			buildConfigurationList = 06CE64011CD97BE900124BC2 /* Build configuration list for PBXNativeTarget "Happiness" */;
			buildPhases = (
				06CE63EB1CD97BE900124BC2 /* Sources */,
				06CE63EC1CD97BE900124BC2 /* Frameworks */,
				06CE63ED1CD97BE900124BC2 /* Resources */,
			);
			buildRules = (
			);
			dependencies = (
			);
			name = Happiness;
			productName = Happiness;
			productReference = 06CE63EF1CD97BE900124BC2 /* Happiness.app */;
			productType = "com.apple.product-type.application";
		};
/* End PBXNativeTarget section */

/* Begin PBXProject section */
		06CE63E71CD97BE900124BC2 /* Project object */ = {
			isa = PBXProject;
			attributes = {
				LastSwiftUpdateCheck = 0730;
				LastUpgradeCheck = 0730;
				ORGANIZATIONNAME = Tisoga;
				TargetAttributes = {
					06CE63EE1CD97BE900124BC2 = {
						CreatedOnToolsVersion = 7.3;
						DevelopmentTeam = 5W8QAC8Z64;
					};
				};
			};
			buildConfigurationList = 06CE63EA1CD97BE900124BC2 /* Build configuration list for PBXProject "Happiness" */;
			compatibilityVersion = "Xcode 3.2";
			developmentRegion = English;
			hasScannedForEncodings = 0;
			knownRegions = (
				en,
				Base,
			);
			mainGroup = 06CE63E61CD97BE900124BC2;
			productRefGroup = 06CE63F01CD97BE900124BC2 /* Products */;
			projectDirPath = "";
			projectRoot = "";
			targets = (
				06CE63EE1CD97BE900124BC2 /* Happiness */,
			);
		};
/* End PBXProject section */

/* Begin PBXResourcesBuildPhase section */
		06CE63ED1CD97BE900124BC2 /* Resources */ = {
			isa = PBXResourcesBuildPhase;
			buildActionMask = 2147483647;
			files = (
				06CE63FD1CD97BE900124BC2 /* LaunchScreen.storyboard in Resources */,
				06CE63FA1CD97BE900124BC2 /* Assets.xcassets in Resources */,
				06CE63F81CD97BE900124BC2 /* Main.storyboard in Resources */,
			);
			runOnlyForDeploymentPostprocessing = 0;
		};
/* End PBXResourcesBuildPhase section */

/* Begin PBXSourcesBuildPhase section */
		06CE63EB1CD97BE900124BC2 /* Sources */ = {
			isa = PBXSourcesBuildPhase;
			buildActionMask = 2147483647;
			files = (
				06CE64051CD997CE00124BC2 /* HappinessViewController.swift in Sources */,
				06CE63F31CD97BE900124BC2 /* AppDelegate.swift in Sources */,
				06CE64071CD9984900124BC2 /* FaceView.swift in Sources */,
			);
			runOnlyForDeploymentPostprocessing = 0;
		};
/* End PBXSourcesBuildPhase section */

/* Begin PBXVariantGroup section */
		06CE63F61CD97BE900124BC2 /* Main.storyboard */ = {
			isa = PBXVariantGroup;
			children = (
				06CE63F71CD97BE900124BC2 /* Base */,
			);
			name = Main.storyboard;
			sourceTree = "<group>";
		};
		06CE63FB1CD97BE900124BC2 /* LaunchScreen.storyboard */ = {
			isa = PBXVariantGroup;
			children = (
				06CE63FC1CD97BE900124BC2 /* Base */,
			);
			name = LaunchScreen.storyboard;
			sourceTree = "<group>";
		};
/* End PBXVariantGroup section */

/* Begin XCBuildConfiguration section */
		06CE63FF1CD97BE900124BC2 /* Debug */ = {
			isa = XCBuildConfiguration;
			buildSettings = {
				ALWAYS_SEARCH_USER_PATHS = NO;
				CLANG_ANALYZER_NONNULL = YES;
				CLANG_CXX_LANGUAGE_STANDARD = "gnu++0x";
				CLANG_CXX_LIBRARY = "libc++";
				CLANG_ENABLE_MODULES = YES;
				CLANG_ENABLE_OBJC_ARC = YES;
				CLANG_WARN_BOOL_CONVERSION = YES;
				CLANG_WARN_CONSTANT_CONVERSION = YES;
				CLANG_WARN_DIRECT_OBJC_ISA_USAGE = YES_ERROR;
				CLANG_WARN_EMPTY_BODY = YES;
				CLANG_WARN_ENUM_CONVERSION = YES;
				CLANG_WARN_INT_CONVERSION = YES;
				CLANG_WARN_OBJC_ROOT_CLASS = YES_ERROR;
				CLANG_WARN_UNREACHABLE_CODE = YES;
				CLANG_WARN__DUPLICATE_METHOD_MATCH = YES;
				"CODE_SIGN_IDENTITY[sdk=iphoneos*]" = "iPhone Developer";
				COPY_PHASE_STRIP = NO;
				DEBUG_INFORMATION_FORMAT = dwarf;
				ENABLE_STRICT_OBJC_MSGSEND = YES;
				ENABLE_TESTABILITY = YES;
				GCC_C_LANGUAGE_STANDARD = gnu99;
				GCC_DYNAMIC_NO_PIC = NO;
				GCC_NO_COMMON_BLOCKS = YES;
				GCC_OPTIMIZATION_LEVEL = 0;
				GCC_PREPROCESSOR_DEFINITIONS = (
					"DEBUG=1",
					"$(inherited)",
				);
				GCC_WARN_64_TO_32_BIT_CONVERSION = YES;
				GCC_WARN_ABOUT_RETURN_TYPE = YES_ERROR;
				GCC_WARN_UNDECLARED_SELECTOR = YES;
				GCC_WARN_UNINITIALIZED_AUTOS = YES_AGGRESSIVE;
				GCC_WARN_UNUSED_FUNCTION = YES;
				GCC_WARN_UNUSED_VARIABLE = YES;
				IPHONEOS_DEPLOYMENT_TARGET = 9.3;
				MTL_ENABLE_DEBUG_INFO = YES;
				ONLY_ACTIVE_ARCH = YES;
				SDKROOT = iphoneos;
				SWIFT_OPTIMIZATION_LEVEL = "-Onone";
				TARGETED_DEVICE_FAMILY = "1,2";
			};
			name = Debug;
		};
		06CE64001CD97BE900124BC2 /* Release */ = {
			isa = XCBuildConfiguration;
			buildSettings = {
				ALWAYS_SEARCH_USER_PATHS = NO;
				CLANG_ANALYZER_NONNULL = YES;
				CLANG_CXX_LANGUAGE_STANDARD = "gnu++0x";
				CLANG_CXX_LIBRARY = "libc++";
				CLANG_ENABLE_MODULES = YES;
				CLANG_ENABLE_OBJC_ARC = YES;
				CLANG_WARN_BOOL_CONVERSION = YES;
				CLANG_WARN_CONSTANT_CONVERSION = YES;
				CLANG_WARN_DIRECT_OBJC_ISA_USAGE = YES_ERROR;
				CLANG_WARN_EMPTY_BODY = YES;
				CLANG_WARN_ENUM_CONVERSION = YES;
				CLANG_WARN_INT_CONVERSION = YES;
				CLANG_WARN_OBJC_ROOT_CLASS = YES_ERROR;
				CLANG_WARN_UNREACHABLE_CODE = YES;
				CLANG_WARN__DUPLICATE_METHOD_MATCH = YES;
				"CODE_SIGN_IDENTITY[sdk=iphoneos*]" = "iPhone Developer";
				COPY_PHASE_STRIP = NO;
				DEBUG_INFORMATION_FORMAT = "dwarf-with-dsym";
				ENABLE_NS_ASSERTIONS = NO;
				ENABLE_STRICT_OBJC_MSGSEND = YES;
				GCC_C_LANGUAGE_STANDARD = gnu99;
				GCC_NO_COMMON_BLOCKS = YES;
				GCC_WARN_64_TO_32_BIT_CONVERSION = YES;
				GCC_WARN_ABOUT_RETURN_TYPE = YES_ERROR;
				GCC_WARN_UNDECLARED_SELECTOR = YES;
				GCC_WARN_UNINITIALIZED_AUTOS = YES_AGGRESSIVE;
				GCC_WARN_UNUSED_FUNCTION = YES;
				GCC_WARN_UNUSED_VARIABLE = YES;
				IPHONEOS_DEPLOYMENT_TARGET = 9.3;
				MTL_ENABLE_DEBUG_INFO = NO;
				SDKROOT = iphoneos;
				TARGETED_DEVICE_FAMILY = "1,2";
				VALIDATE_PRODUCT = YES;
			};
			name = Release;
		};
		06CE64021CD97BE900124BC2 /* Debug */ = {
			isa = XCBuildConfiguration;
			buildSettings = {
				ASSETCATALOG_COMPILER_APPICON_NAME = AppIcon;
				INFOPLIST_FILE = Happiness/Info.plist;
				LD_RUNPATH_SEARCH_PATHS = "$(inherited) @executable_path/Frameworks";
				PRODUCT_BUNDLE_IDENTIFIER = com.forrestchang.Happiness;
				PRODUCT_NAME = "$(TARGET_NAME)";
			};
			name = Debug;
		};
		06CE64031CD97BE900124BC2 /* Release */ = {
			isa = XCBuildConfiguration;
			buildSettings = {
				ASSETCATALOG_COMPILER_APPICON_NAME = AppIcon;
				INFOPLIST_FILE = Happiness/Info.plist;
				LD_RUNPATH_SEARCH_PATHS = "$(inherited) @executable_path/Frameworks";
				PRODUCT_BUNDLE_IDENTIFIER = com.forrestchang.Happiness;
				PRODUCT_NAME = "$(TARGET_NAME)";
			};
			name = Release;
		};
/* End XCBuildConfiguration section */

/* Begin XCConfigurationList section */
		06CE63EA1CD97BE900124BC2 /* Build configuration list for PBXProject "Happiness" */ = {
			isa = XCConfigurationList;
			buildConfigurations = (
				06CE63FF1CD97BE900124BC2 /* Debug */,
				06CE64001CD97BE900124BC2 /* Release */,
			);
			defaultConfigurationIsVisible = 0;
			defaultConfigurationName = Release;
		};
		06CE64011CD97BE900124BC2 /* Build configuration list for PBXNativeTarget "Happiness" */ = {
			isa = XCConfigurationList;
			buildConfigurations = (
				06CE64021CD97BE900124BC2 /* Debug */,
				06CE64031CD97BE900124BC2 /* Release */,
			);
			defaultConfigurationIsVisible = 0;
		};
/* End XCConfigurationList section */
	};
	rootObject = 06CE63E71CD97BE900124BC2 /* Project object */;
}
